
Microsoft Visual Studio Solution File, Format Version 12.00
# Visual Studio Version 17
VisualStudioVersion = 17.9.34902.65
MinimumVisualStudioVersion = 10.0.40219.1
Project("{9A19103F-16F7-4668-BE54-9A1E7A4F7556}") = "Beltek.EmlakciApp", "Beltek.EmlakciApp.csproj", "{F64FED25-ABF1-433C-A258-303BEA367D25}"
EndProject
Project("{FAE04EC0-301F-11D3-BF4B-00C04F79EFBC}") = "Beltek.EmlakciLib", "..\Beltek.EmlakciLib\Beltek.EmlakciLib.csproj", "{DCDC96B4-453C-4A80-AE12-0A2A0D29069B}"
EndProject
Global
	GlobalSection(SolutionConfigurationPlatforms) = preSolution
		Debug|Any CPU = Debug|Any CPU
		Release|Any CPU = Release|Any CPU
	EndGlobalSection
	GlobalSection(ProjectConfigurationPlatforms) = postSolution
		{F64FED25-ABF1-433C-A258-303BEA367D25}.Debug|Any CPU.ActiveCfg = Debug|Any CPU
		{F64FED25-ABF1-433C-A258-303BEA367D25}.Debug|Any CPU.Build.0 = Debug|Any CPU
		{F64FED25-ABF1-433C-A258-303BEA367D25}.Release|Any CPU.ActiveCfg = Release|Any CPU
		{F64FED25-ABF1-433C-A258-303BEA367D25}.Release|Any CPU.Build.0 = Release|Any CPU
		{DCDC96B4-453C-4A80-AE12-0A2A0D29069B}.Debug|Any CPU.ActiveCfg = Debug|Any CPU
		{DCDC96B4-453C-4A80-AE12-0A2A0D29069B}.Debug|Any CPU.Build.0 = Debug|Any CPU
		{DCDC96B4-453C-4A80-AE12-0A2A0D29069B}.Release|Any CPU.ActiveCfg = Release|Any CPU
		{DCDC96B4-453C-4A80-AE12-0A2A0D29069B}.Release|Any CPU.Build.0 = Release|Any CPU
	EndGlobalSection
	GlobalSection(SolutionProperties) = preSolution
		HideSolutionNode = FALSE
	EndGlobalSection
	GlobalSection(ExtensibilityGlobals) = postSolution
		SolutionGuid = {6E989520-79EE-4A56-9C33-F73355A2668D}
	EndGlobalSection
EndGlobal
